
Microsoft Visual Studio Solution File, Format Version 12.00
# Visual Studio Version 17
VisualStudioVersion = 17.10.35004.147
MinimumVisualStudioVersion = 10.0.40219.1
Project("{FAE04EC0-301F-11D3-BF4B-00C04F79EFBC}") = "Contraseña", "Contraseña\Contraseña.csproj", "{7197B0BB-B1D0-4735-AFBA-6E277C941424}"
EndProject
Global
	GlobalSection(SolutionConfigurationPlatforms) = preSolution
		Debug|Any CPU = Debug|Any CPU
		Release|Any CPU = Release|Any CPU
	EndGlobalSection
	GlobalSection(ProjectConfigurationPlatforms) = postSolution
		{7197B0BB-B1D0-4735-AFBA-6E277C941424}.Debug|Any CPU.ActiveCfg = Debug|Any CPU
		{7197B0BB-B1D0-4735-AFBA-6E277C941424}.Debug|Any CPU.Build.0 = Debug|Any CPU
		{7197B0BB-B1D0-4735-AFBA-6E277C941424}.Release|Any CPU.ActiveCfg = Release|Any CPU
		{7197B0BB-B1D0-4735-AFBA-6E277C941424}.Release|Any CPU.Build.0 = Release|Any CPU
	EndGlobalSection
	GlobalSection(SolutionProperties) = preSolution
		HideSolutionNode = FALSE
	EndGlobalSection
	GlobalSection(ExtensibilityGlobals) = postSolution
		SolutionGuid = {8FCB7C03-5EB8-465D-9DDA-7040D40D38A9}
	EndGlobalSection
EndGlobal
